
Microsoft Visual Studio Solution File, Format Version 12.00
# Visual Studio Version 16
VisualStudioVersion = 16.0.30309.148
MinimumVisualStudioVersion = 10.0.40219.1
Project("{FAE04EC0-301F-11D3-BF4B-00C04F79EFBC}") = "listview", "listview\listview.csproj", "{A046347E-721E-4CB6-A3CF-22AE63ED4ED4}"
EndProject
Global
	GlobalSection(SolutionConfigurationPlatforms) = preSolution
		Debug|Any CPU = Debug|Any CPU
		Release|Any CPU = Release|Any CPU
	EndGlobalSection
	GlobalSection(ProjectConfigurationPlatforms) = postSolution
		{A046347E-721E-4CB6-A3CF-22AE63ED4ED4}.Debug|Any CPU.ActiveCfg = Debug|Any CPU
		{A046347E-721E-4CB6-A3CF-22AE63ED4ED4}.Debug|Any CPU.Build.0 = Debug|Any CPU
		{A046347E-721E-4CB6-A3CF-22AE63ED4ED4}.Release|Any CPU.ActiveCfg = Release|Any CPU
		{A046347E-721E-4CB6-A3CF-22AE63ED4ED4}.Release|Any CPU.Build.0 = Release|Any CPU
	EndGlobalSection
	GlobalSection(SolutionProperties) = preSolution
		HideSolutionNode = FALSE
	EndGlobalSection
	GlobalSection(ExtensibilityGlobals) = postSolution
		SolutionGuid = {2207B904-255A-4836-93D8-25E822C9CCF5}
	EndGlobalSection
EndGlobal
